// !$*UTF8*$!
{
	archiveVersion = 1;
	classes = {
	};
	objectVersion = 70;
	objects = {

/* Begin PBXBuildFile section */
		1A2B3C4D5E6F7890ABCDEF01 /* FitJourneyApp.swift in Sources */ = {isa = PBXBuildFile; fileRef = 1A2B3C4D5E6F7890ABCDEF02 /* FitJourneyApp.swift */; };
		AA15B6B72DEF57AD002F7E9C /* DashboardView.swift in Sources */ = {isa = PBXBuildFile; fileRef = AA15B6AA2DEF57AD002F7E9C /* DashboardView.swift */; };
		AA15B6BC2DEF57AD002F7E9C /* ProfileView.swift in Sources */ = {isa = PBXBuildFile; fileRef = AA15B6B02DEF57AD002F7E9C /* ProfileView.swift */; };
		AA1FA3BA2DF4A42700E389A6 /* AppCore in Frameworks */ = {isa = PBXBuildFile; productRef = AA6C6E492DEE22B800123FBE /* AppCore */; };
		AA1FA3BB2DF4A42700E389A6 /* AppCore in Frameworks */ = {isa = PBXBuildFile; productRef = AABA0DCA2DEF4D2B002FB75F /* AppCore */; };
		AA1FA3BC2DF4A42700E389A6 /* AppCore in Frameworks */ = {isa = PBXBuildFile; productRef = AA15B6A72DEF5350002F7E9C /* AppCore */; };
		AA6C6E3F2DEE22B800123FBD /* (null) in Sources */ = {isa = PBXBuildFile; };
		AA6C6E452DEE22B800123FBD /* MainTabView.swift in Sources */ = {isa = PBXBuildFile; fileRef = AA6C6E462DEE22B800123FBD /* MainTabView.swift */; };
		AAEC60AB2DF3A3F80004ACF7 /* AuthStateObserver.swift in Sources */ = {isa = PBXBuildFile; fileRef = AAEC60AA2DF3A3F80004ACF7 /* AuthStateObserver.swift */; };
		AAF04F442DF4463C00F9BC2B /* ConcreteAdapters.swift in Sources */ = {isa = PBXBuildFile; fileRef = AAF04F3F2DF4463C00F9BC2B /* ConcreteAdapters.swift */; };
		AAF04F452DF4463C00F9BC2B /* ServiceProvider.swift in Sources */ = {isa = PBXBuildFile; fileRef = AAF04F422DF4463C00F9BC2B /* ServiceProvider.swift */; };
		AAF04F462DF4463C00F9BC2B /* ApplicationAdapters.swift in Sources */ = {isa = PBXBuildFile; fileRef = AAF04F3E2DF4463C00F9BC2B /* ApplicationAdapters.swift */; };
		AAF04F472DF4463C00F9BC2B /* ApplicationServiceFactory.swift in Sources */ = {isa = PBXBuildFile; fileRef = AAF04F412DF4463C00F9BC2B /* ApplicationServiceFactory.swift */; };
		AAF04F492DF4485C00F9BC2B /* Authentication in Frameworks */ = {isa = PBXBuildFile; productRef = AAF04F482DF4485C00F9BC2B /* Authentication */; };
		AAF04F4B2DF4485C00F9BC2B /* FitnessTracker in Frameworks */ = {isa = PBXBuildFile; productRef = AAF04F4A2DF4485C00F9BC2B /* FitnessTracker */; };
		AAF04F4D2DF4485C00F9BC2B /* Networking in Frameworks */ = {isa = PBXBuildFile; productRef = AAF04F4C2DF4485C00F9BC2B /* Networking */; };
		AAF04F632DF469E300F9BC2B /* BenefitView.swift in Sources */ = {isa = PBXBuildFile; fileRef = AAF04F612DF469E300F9BC2B /* BenefitView.swift */; };
		AAF04F732DF474DF00F9BC2B /* NavigationRouter.swift in Sources */ = {isa = PBXBuildFile; fileRef = AAF04F712DF474DF00F9BC2B /* NavigationRouter.swift */; };
		AAF04F742DF474DF00F9BC2B /* View+Navigation.swift in Sources */ = {isa = PBXBuildFile; fileRef = AAF04F6F2DF474DF00F9BC2B /* View+Navigation.swift */; };
		AAF04F7E2DF497E100F9BC2B /* GoalProgressCard.swift in Sources */ = {isa = PBXBuildFile; fileRef = AAF04F7B2DF497E100F9BC2B /* GoalProgressCard.swift */; };
		AAF04F7F2DF497E100F9BC2B /* EmptyStateView.swift in Sources */ = {isa = PBXBuildFile; fileRef = AAF04F7A2DF497E100F9BC2B /* EmptyStateView.swift */; };
		AAF04F802DF497E100F9BC2B /* CompletedGoalsView.swift in Sources */ = {isa = PBXBuildFile; fileRef = AAF04F792DF497E100F9BC2B /* CompletedGoalsView.swift */; };
		AAF04F812DF497E100F9BC2B /* WorkoutCard.swift in Sources */ = {isa = PBXBuildFile; fileRef = AAF04F7D2DF497E100F9BC2B /* WorkoutCard.swift */; };
		AAF04F822DF497E100F9BC2B /* SummaryCard.swift in Sources */ = {isa = PBXBuildFile; fileRef = AAF04F7C2DF497E100F9BC2B /* SummaryCard.swift */; };
		AAF04F852DF497ED00F9BC2B /* QuickStatsView.swift in Sources */ = {isa = PBXBuildFile; fileRef = AAF04F832DF497ED00F9BC2B /* QuickStatsView.swift */; };
		AAF04F862DF497ED00F9BC2B /* StatItem.swift in Sources */ = {isa = PBXBuildFile; fileRef = AAF04F842DF497ED00F9BC2B /* StatItem.swift */; };
		AAF04F892DF4980300F9BC2B /* WorkoutDetailLoader.swift in Sources */ = {isa = PBXBuildFile; fileRef = AAF04F882DF4980300F9BC2B /* WorkoutDetailLoader.swift */; };
		AAF04F8A2DF4980300F9BC2B /* GoalDetailLoader.swift in Sources */ = {isa = PBXBuildFile; fileRef = AAF04F872DF4980300F9BC2B /* GoalDetailLoader.swift */; };
		AAF04F8C2DF4982D00F9BC2B /* ContentView.swift in Sources */ = {isa = PBXBuildFile; fileRef = AAF04F8B2DF4982D00F9BC2B /* ContentView.swift */; };
/* End PBXBuildFile section */

/* Begin PBXContainerItemProxy section */
		AAF04F562DF4490300F9BC2B /* PBXContainerItemProxy */ = {
			isa = PBXContainerItemProxy;
			containerPortal = 1A2B3C4D5E6F7890ABCDEF0B /* Project object */;
			proxyType = 1;
			remoteGlobalIDString = 1A2B3C4D5E6F7890ABCDEF07;
			remoteInfo = FitJourneyApp;
		};
/* End PBXContainerItemProxy section */

/* Begin PBXFileReference section */
		1A2B3C4D5E6F7890ABCDEF00 /* FitJourneyApp.app */ = {isa = PBXFileReference; explicitFileType = wrapper.application; includeInIndex = 0; path = FitJourneyApp.app; sourceTree = BUILT_PRODUCTS_DIR; };
		1A2B3C4D5E6F7890ABCDEF02 /* FitJourneyApp.swift */ = {isa = PBXFileReference; lastKnownFileType = sourcecode.swift; path = FitJourneyApp.swift; sourceTree = "<group>"; };
		AA15B6AA2DEF57AD002F7E9C /* DashboardView.swift */ = {isa = PBXFileReference; lastKnownFileType = sourcecode.swift; path = DashboardView.swift; sourceTree = "<group>"; };
		AA15B6B02DEF57AD002F7E9C /* ProfileView.swift */ = {isa = PBXFileReference; lastKnownFileType = sourcecode.swift; path = ProfileView.swift; sourceTree = "<group>"; };
		AA1FA3CC2DF4A84B00E389A6 /* DependencyGraph.md */ = {isa = PBXFileReference; lastKnownFileType = net.daringfireball.markdown; path = DependencyGraph.md; sourceTree = "<group>"; };
		AA6C6E462DEE22B800123FBD /* MainTabView.swift */ = {isa = PBXFileReference; lastKnownFileType = sourcecode.swift; path = MainTabView.swift; sourceTree = "<group>"; };
		AAEC60AA2DF3A3F80004ACF7 /* AuthStateObserver.swift */ = {isa = PBXFileReference; lastKnownFileType = sourcecode.swift; path = AuthStateObserver.swift; sourceTree = "<group>"; };
		AAF04F3E2DF4463C00F9BC2B /* ApplicationAdapters.swift */ = {isa = PBXFileReference; lastKnownFileType = sourcecode.swift; path = ApplicationAdapters.swift; sourceTree = "<group>"; };
		AAF04F3F2DF4463C00F9BC2B /* ConcreteAdapters.swift */ = {isa = PBXFileReference; lastKnownFileType = sourcecode.swift; path = ConcreteAdapters.swift; sourceTree = "<group>"; };
		AAF04F412DF4463C00F9BC2B /* ApplicationServiceFactory.swift */ = {isa = PBXFileReference; lastKnownFileType = sourcecode.swift; path = ApplicationServiceFactory.swift; sourceTree = "<group>"; };
		AAF04F422DF4463C00F9BC2B /* ServiceProvider.swift */ = {isa = PBXFileReference; lastKnownFileType = sourcecode.swift; path = ServiceProvider.swift; sourceTree = "<group>"; };
		AAF04F522DF4490300F9BC2B /* FitJourneyAppTests.xctest */ = {isa = PBXFileReference; explicitFileType = wrapper.cfbundle; includeInIndex = 0; path = FitJourneyAppTests.xctest; sourceTree = BUILT_PRODUCTS_DIR; };
		AAF04F612DF469E300F9BC2B /* BenefitView.swift */ = {isa = PBXFileReference; lastKnownFileType = sourcecode.swift; path = BenefitView.swift; sourceTree = "<group>"; };
		AAF04F6F2DF474DF00F9BC2B /* View+Navigation.swift */ = {isa = PBXFileReference; lastKnownFileType = sourcecode.swift; path = "View+Navigation.swift"; sourceTree = "<group>"; };
		AAF04F712DF474DF00F9BC2B /* NavigationRouter.swift */ = {isa = PBXFileReference; lastKnownFileType = sourcecode.swift; path = NavigationRouter.swift; sourceTree = "<group>"; };
		AAF04F792DF497E100F9BC2B /* CompletedGoalsView.swift */ = {isa = PBXFileReference; lastKnownFileType = sourcecode.swift; path = CompletedGoalsView.swift; sourceTree = "<group>"; };
		AAF04F7A2DF497E100F9BC2B /* EmptyStateView.swift */ = {isa = PBXFileReference; lastKnownFileType = sourcecode.swift; path = EmptyStateView.swift; sourceTree = "<group>"; };
		AAF04F7B2DF497E100F9BC2B /* GoalProgressCard.swift */ = {isa = PBXFileReference; lastKnownFileType = sourcecode.swift; path = GoalProgressCard.swift; sourceTree = "<group>"; };
		AAF04F7C2DF497E100F9BC2B /* SummaryCard.swift */ = {isa = PBXFileReference; lastKnownFileType = sourcecode.swift; path = SummaryCard.swift; sourceTree = "<group>"; };
		AAF04F7D2DF497E100F9BC2B /* WorkoutCard.swift */ = {isa = PBXFileReference; lastKnownFileType = sourcecode.swift; path = WorkoutCard.swift; sourceTree = "<group>"; };
		AAF04F832DF497ED00F9BC2B /* QuickStatsView.swift */ = {isa = PBXFileReference; lastKnownFileType = sourcecode.swift; path = QuickStatsView.swift; sourceTree = "<group>"; };
		AAF04F842DF497ED00F9BC2B /* StatItem.swift */ = {isa = PBXFileReference; lastKnownFileType = sourcecode.swift; path = StatItem.swift; sourceTree = "<group>"; };
		AAF04F872DF4980300F9BC2B /* GoalDetailLoader.swift */ = {isa = PBXFileReference; lastKnownFileType = sourcecode.swift; path = GoalDetailLoader.swift; sourceTree = "<group>"; };
		AAF04F882DF4980300F9BC2B /* WorkoutDetailLoader.swift */ = {isa = PBXFileReference; lastKnownFileType = sourcecode.swift; path = WorkoutDetailLoader.swift; sourceTree = "<group>"; };
		AAF04F8B2DF4982D00F9BC2B /* ContentView.swift */ = {isa = PBXFileReference; lastKnownFileType = sourcecode.swift; path = ContentView.swift; sourceTree = "<group>"; };
/* End PBXFileReference section */

/* Begin PBXFileSystemSynchronizedRootGroup section */
		AAF04F532DF4490300F9BC2B /* FitJourneyAppTests */ = {isa = PBXFileSystemSynchronizedRootGroup; explicitFileTypes = {}; explicitFolders = (); name = FitJourneyAppTests; path = Tests; sourceTree = "<group>"; };
/* End PBXFileSystemSynchronizedRootGroup section */

/* Begin PBXFrameworksBuildPhase section */
		1A2B3C4D5E6F7890ABCDEF03 /* Frameworks */ = {
			isa = PBXFrameworksBuildPhase;
			buildActionMask = 2147483647;
			files = (
				AA1FA3BC2DF4A42700E389A6 /* AppCore in Frameworks */,
				AA1FA3BB2DF4A42700E389A6 /* AppCore in Frameworks */,
				AA1FA3BA2DF4A42700E389A6 /* AppCore in Frameworks */,
				AAF04F4D2DF4485C00F9BC2B /* Networking in Frameworks */,
				AAF04F4B2DF4485C00F9BC2B /* FitnessTracker in Frameworks */,
				AAF04F492DF4485C00F9BC2B /* Authentication in Frameworks */,
			);
			runOnlyForDeploymentPostprocessing = 0;
		};
		AAF04F4F2DF4490300F9BC2B /* Frameworks */ = {
			isa = PBXFrameworksBuildPhase;
			buildActionMask = 2147483647;
			files = (
			);
			runOnlyForDeploymentPostprocessing = 0;
		};
/* End PBXFrameworksBuildPhase section */

/* Begin PBXGroup section */
		1A2B3C4D5E6F7890ABCDEF04 /* Products */ = {
			isa = PBXGroup;
			children = (
				1A2B3C4D5E6F7890ABCDEF00 /* FitJourneyApp.app */,
				AAF04F522DF4490300F9BC2B /* FitJourneyAppTests.xctest */,
			);
			name = Products;
			sourceTree = "<group>";
		};
		1A2B3C4D5E6F7890ABCDEF05 /* FitJourneyApp */ = {
			isa = PBXGroup;
			children = (
				AAF04F702DF474DF00F9BC2B /* Extensions */,
				AAF04F722DF474DF00F9BC2B /* Navigation */,
				AAF04F402DF4463C00F9BC2B /* Adapters */,
				AAF04F432DF4463C00F9BC2B /* Services */,
				AA6C6E4A2DEE22B800123FBD /* ViewModels */,
				AA6C6E4B2DEE22B800123FBD /* Views */,
				1A2B3C4D5E6F7890ABCDEF02 /* FitJourneyApp.swift */,
			);
			name = FitJourneyApp;
			path = Sources;
			sourceTree = "<group>";
		};
		1A2B3C4D5E6F7890ABCDEF06 = {
			isa = PBXGroup;
			children = (
				AA1FA3CC2DF4A84B00E389A6 /* DependencyGraph.md */,
				1A2B3C4D5E6F7890ABCDEF05 /* FitJourneyApp */,
				AAF04F532DF4490300F9BC2B /* FitJourneyAppTests */,
				1A2B3C4D5E6F7890ABCDEF04 /* Products */,
				1A2B3C4D5E6F7890ABCDEF31 /* Frameworks */,
			);
			sourceTree = "<group>";
		};
		1A2B3C4D5E6F7890ABCDEF31 /* Frameworks */ = {
			isa = PBXGroup;
			children = (
			);
			name = Frameworks;
			sourceTree = "<group>";
		};
		AA15B6AB2DEF57AD002F7E9C /* Dashboard */ = {
			isa = PBXGroup;
			children = (
				AAF04F792DF497E100F9BC2B /* CompletedGoalsView.swift */,
				AAF04F7A2DF497E100F9BC2B /* EmptyStateView.swift */,
				AAF04F7B2DF497E100F9BC2B /* GoalProgressCard.swift */,
				AAF04F7C2DF497E100F9BC2B /* SummaryCard.swift */,
				AAF04F7D2DF497E100F9BC2B /* WorkoutCard.swift */,
				AA15B6AA2DEF57AD002F7E9C /* DashboardView.swift */,
			);
			path = Dashboard;
			sourceTree = "<group>";
		};
		AA15B6B12DEF57AD002F7E9C /* Profile */ = {
			isa = PBXGroup;
			children = (
				AA15B6B02DEF57AD002F7E9C /* ProfileView.swift */,
			);
			path = Profile;
			sourceTree = "<group>";
		};
		AA6C6E4A2DEE22B800123FBD /* ViewModels */ = {
			isa = PBXGroup;
			children = (
				AAEC60AA2DF3A3F80004ACF7 /* AuthStateObserver.swift */,
			);
			name = ViewModels;
			path = Sources/ViewModels;
			sourceTree = SOURCE_ROOT;
		};
		AA6C6E4B2DEE22B800123FBD /* Views */ = {
			isa = PBXGroup;
			children = (
				AAF04F622DF469E300F9BC2B /* Benefit */,
				AA15B6AB2DEF57AD002F7E9C /* Dashboard */,
				AA15B6B12DEF57AD002F7E9C /* Profile */,
				AA6C6E462DEE22B800123FBD /* MainTabView.swift */,
				AAF04F8B2DF4982D00F9BC2B /* ContentView.swift */,
			);
			path = Views;
			sourceTree = "<group>";
		};
		AAF04F402DF4463C00F9BC2B /* Adapters */ = {
			isa = PBXGroup;
			children = (
				AAF04F872DF4980300F9BC2B /* GoalDetailLoader.swift */,
				AAF04F882DF4980300F9BC2B /* WorkoutDetailLoader.swift */,
				AAF04F3E2DF4463C00F9BC2B /* ApplicationAdapters.swift */,
				AAF04F3F2DF4463C00F9BC2B /* ConcreteAdapters.swift */,
			);
			path = Adapters;
			sourceTree = "<group>";
		};
		AAF04F432DF4463C00F9BC2B /* Services */ = {
			isa = PBXGroup;
			children = (
				AAF04F412DF4463C00F9BC2B /* ApplicationServiceFactory.swift */,
				AAF04F422DF4463C00F9BC2B /* ServiceProvider.swift */,
			);
			path = Services;
			sourceTree = "<group>";
		};
		AAF04F622DF469E300F9BC2B /* Benefit */ = {
			isa = PBXGroup;
			children = (
				AAF04F832DF497ED00F9BC2B /* QuickStatsView.swift */,
				AAF04F842DF497ED00F9BC2B /* StatItem.swift */,
				AAF04F612DF469E300F9BC2B /* BenefitView.swift */,
			);
			path = Benefit;
			sourceTree = "<group>";
		};
		AAF04F702DF474DF00F9BC2B /* Extensions */ = {
			isa = PBXGroup;
			children = (
				AAF04F6F2DF474DF00F9BC2B /* View+Navigation.swift */,
			);
			path = Extensions;
			sourceTree = "<group>";
		};
		AAF04F722DF474DF00F9BC2B /* Navigation */ = {
			isa = PBXGroup;
			children = (
				AAF04F712DF474DF00F9BC2B /* NavigationRouter.swift */,
			);
			path = Navigation;
			sourceTree = "<group>";
		};
/* End PBXGroup section */

/* Begin PBXNativeTarget section */
		1A2B3C4D5E6F7890ABCDEF07 /* FitJourneyApp */ = {
			isa = PBXNativeTarget;
			buildConfigurationList = 1A2B3C4D5E6F7890ABCDEF08 /* Build configuration list for PBXNativeTarget "FitJourneyApp" */;
			buildPhases = (
				1A2B3C4D5E6F7890ABCDEF09 /* Sources */,
				1A2B3C4D5E6F7890ABCDEF03 /* Frameworks */,
				1A2B3C4D5E6F7890ABCDEF0A /* Resources */,
			);
			buildRules = (
			);
			dependencies = (
			);
			name = FitJourneyApp;
			packageProductDependencies = (
				AA6C6E492DEE22B800123FBE /* AppCore */,
				AABA0DCA2DEF4D2B002FB75F /* AppCore */,
				AA15B6A72DEF5350002F7E9C /* AppCore */,
				AAF04F482DF4485C00F9BC2B /* Authentication */,
				AAF04F4A2DF4485C00F9BC2B /* FitnessTracker */,
				AAF04F4C2DF4485C00F9BC2B /* Networking */,
			);
			productName = FitJourneyApp;
			productReference = 1A2B3C4D5E6F7890ABCDEF00 /* FitJourneyApp.app */;
			productType = "com.apple.product-type.application";
		};
		AAF04F512DF4490300F9BC2B /* FitJourneyAppTests */ = {
			isa = PBXNativeTarget;
			buildConfigurationList = AAF04F582DF4490300F9BC2B /* Build configuration list for PBXNativeTarget "FitJourneyAppTests" */;
			buildPhases = (
				AAF04F4E2DF4490300F9BC2B /* Sources */,
				AAF04F4F2DF4490300F9BC2B /* Frameworks */,
				AAF04F502DF4490300F9BC2B /* Resources */,
			);
			buildRules = (
			);
			dependencies = (
				AAF04F572DF4490300F9BC2B /* PBXTargetDependency */,
			);
			fileSystemSynchronizedGroups = (
				AAF04F532DF4490300F9BC2B /* FitJourneyAppTests */,
			);
			name = FitJourneyAppTests;
			packageProductDependencies = (
			);
			productName = FitJourneyAppTests;
			productReference = AAF04F522DF4490300F9BC2B /* FitJourneyAppTests.xctest */;
			productType = "com.apple.product-type.bundle.unit-test";
		};
/* End PBXNativeTarget section */

/* Begin PBXProject section */
		1A2B3C4D5E6F7890ABCDEF0B /* Project object */ = {
			isa = PBXProject;
			attributes = {
				BuildIndependentTargetsInParallel = 1;
				LastSwiftUpdateCheck = 1640;
				LastUpgradeCheck = 1430;
				TargetAttributes = {
					1A2B3C4D5E6F7890ABCDEF07 = {
						CreatedOnToolsVersion = 14.3;
					};
					AAF04F512DF4490300F9BC2B = {
						CreatedOnToolsVersion = 16.4;
						TestTargetID = 1A2B3C4D5E6F7890ABCDEF07;
					};
				};
			};
			buildConfigurationList = 1A2B3C4D5E6F7890ABCDEF0C /* Build configuration list for PBXProject "FitJourneyApp" */;
			compatibilityVersion = "Xcode 14.0";
			developmentRegion = en;
			hasScannedForEncodings = 0;
			knownRegions = (
				en,
				Base,
			);
			mainGroup = 1A2B3C4D5E6F7890ABCDEF06;
			packageReferences = (
				AA15B6A62DEF5350002F7E9C /* XCLocalSwiftPackageReference "../SwiftUIApp" */,
			);
			productRefGroup = 1A2B3C4D5E6F7890ABCDEF04 /* Products */;
			projectDirPath = "";
			projectRoot = "";
			targets = (
				1A2B3C4D5E6F7890ABCDEF07 /* FitJourneyApp */,
				AAF04F512DF4490300F9BC2B /* FitJourneyAppTests */,
			);
		};
/* End PBXProject section */

/* Begin PBXResourcesBuildPhase section */
		1A2B3C4D5E6F7890ABCDEF0A /* Resources */ = {
			isa = PBXResourcesBuildPhase;
			buildActionMask = 2147483647;
			files = (
			);
			runOnlyForDeploymentPostprocessing = 0;
		};
		AAF04F502DF4490300F9BC2B /* Resources */ = {
			isa = PBXResourcesBuildPhase;
			buildActionMask = 2147483647;
			files = (
			);
			runOnlyForDeploymentPostprocessing = 0;
		};
/* End PBXResourcesBuildPhase section */

/* Begin PBXSourcesBuildPhase section */
		1A2B3C4D5E6F7890ABCDEF09 /* Sources */ = {
			isa = PBXSourcesBuildPhase;
			buildActionMask = 2147483647;
			files = (
				AA15B6B72DEF57AD002F7E9C /* DashboardView.swift in Sources */,
				AAEC60AB2DF3A3F80004ACF7 /* AuthStateObserver.swift in Sources */,
				AA15B6BC2DEF57AD002F7E9C /* ProfileView.swift in Sources */,
				AAF04F632DF469E300F9BC2B /* BenefitView.swift in Sources */,
				AAF04F732DF474DF00F9BC2B /* NavigationRouter.swift in Sources */,
				AAF04F7E2DF497E100F9BC2B /* GoalProgressCard.swift in Sources */,
				AAF04F7F2DF497E100F9BC2B /* EmptyStateView.swift in Sources */,
				AAF04F802DF497E100F9BC2B /* CompletedGoalsView.swift in Sources */,
				AAF04F812DF497E100F9BC2B /* WorkoutCard.swift in Sources */,
				AAF04F852DF497ED00F9BC2B /* QuickStatsView.swift in Sources */,
				AAF04F862DF497ED00F9BC2B /* StatItem.swift in Sources */,
				AAF04F822DF497E100F9BC2B /* SummaryCard.swift in Sources */,
				AAF04F742DF474DF00F9BC2B /* View+Navigation.swift in Sources */,
				1A2B3C4D5E6F7890ABCDEF01 /* FitJourneyApp.swift in Sources */,
				AA6C6E3F2DEE22B800123FBD /* (null) in Sources */,
				AA6C6E452DEE22B800123FBD /* MainTabView.swift in Sources */,
				AAF04F442DF4463C00F9BC2B /* ConcreteAdapters.swift in Sources */,
				AAF04F8C2DF4982D00F9BC2B /* ContentView.swift in Sources */,
				AAF04F452DF4463C00F9BC2B /* ServiceProvider.swift in Sources */,
				AAF04F462DF4463C00F9BC2B /* ApplicationAdapters.swift in Sources */,
				AAF04F472DF4463C00F9BC2B /* ApplicationServiceFactory.swift in Sources */,
				AAF04F892DF4980300F9BC2B /* WorkoutDetailLoader.swift in Sources */,
				AAF04F8A2DF4980300F9BC2B /* GoalDetailLoader.swift in Sources */,
			);
			runOnlyForDeploymentPostprocessing = 0;
		};
		AAF04F4E2DF4490300F9BC2B /* Sources */ = {
			isa = PBXSourcesBuildPhase;
			buildActionMask = 2147483647;
			files = (
			);
			runOnlyForDeploymentPostprocessing = 0;
		};
/* End PBXSourcesBuildPhase section */

/* Begin PBXTargetDependency section */
		AAF04F572DF4490300F9BC2B /* PBXTargetDependency */ = {
			isa = PBXTargetDependency;
			target = 1A2B3C4D5E6F7890ABCDEF07 /* FitJourneyApp */;
			targetProxy = AAF04F562DF4490300F9BC2B /* PBXContainerItemProxy */;
		};
/* End PBXTargetDependency section */

/* Begin XCBuildConfiguration section */
		1A2B3C4D5E6F7890ABCDEF0D /* Debug */ = {
			isa = XCBuildConfiguration;
			buildSettings = {
				ALWAYS_SEARCH_USER_PATHS = NO;
				CLANG_ANALYZER_NONNULL = YES;
				CLANG_ANALYZER_NUMBER_OBJECT_CONVERSION = YES_AGGRESSIVE;
				CLANG_CXX_LANGUAGE_STANDARD = "gnu++20";
				CLANG_ENABLE_MODULES = YES;
				CLANG_ENABLE_OBJC_ARC = YES;
				CLANG_ENABLE_OBJC_WEAK = YES;
				CLANG_WARN_BLOCK_CAPTURE_AUTORELEASING = YES;
				CLANG_WARN_BOOL_CONVERSION = YES;
				CLANG_WARN_COMMA = YES;
				CLANG_WARN_CONSTANT_CONVERSION = YES;
				CLANG_WARN_DEPRECATED_OBJC_IMPLEMENTATIONS = YES;
				CLANG_WARN_DIRECT_OBJC_ISA_USAGE = YES_ERROR;
				CLANG_WARN_DOCUMENTATION_COMMENTS = YES;
				CLANG_WARN_EMPTY_BODY = YES;
				CLANG_WARN_ENUM_CONVERSION = YES;
				CLANG_WARN_INFINITE_RECURSION = YES;
				CLANG_WARN_INT_CONVERSION = YES;
				CLANG_WARN_NON_LITERAL_NULL_CONVERSION = YES;
				CLANG_WARN_OBJC_IMPLICIT_RETAIN_SELF = YES;
				CLANG_WARN_OBJC_LITERAL_CONVERSION = YES;
				CLANG_WARN_OBJC_ROOT_CLASS = YES_ERROR;
				CLANG_WARN_QUOTED_INCLUDE_IN_FRAMEWORK_HEADER = YES;
				CLANG_WARN_RANGE_LOOP_ANALYSIS = YES;
				CLANG_WARN_STRICT_PROTOTYPES = YES;
				CLANG_WARN_SUSPICIOUS_MOVE = YES;
				CLANG_WARN_UNGUARDED_AVAILABILITY = YES_AGGRESSIVE;
				CLANG_WARN_UNREACHABLE_CODE = YES;
				CLANG_WARN__DUPLICATE_METHOD_MATCH = YES;
				COPY_PHASE_STRIP = NO;
				DEBUG_INFORMATION_FORMAT = dwarf;
				ENABLE_STRICT_OBJC_MSGSEND = YES;
				ENABLE_TESTABILITY = YES;
				GCC_C_LANGUAGE_STANDARD = gnu11;
				GCC_DYNAMIC_NO_PIC = NO;
				GCC_NO_COMMON_BLOCKS = YES;
				GCC_OPTIMIZATION_LEVEL = 0;
				GCC_PREPROCESSOR_DEFINITIONS = (
					"DEBUG=1",
					"$(inherited)",
				);
				GCC_WARN_64_TO_32_BIT_CONVERSION = YES;
				GCC_WARN_ABOUT_RETURN_TYPE = YES_ERROR;
				GCC_WARN_UNDECLARED_SELECTOR = YES;
				GCC_WARN_UNINITIALIZED_AUTOS = YES_AGGRESSIVE;
				GCC_WARN_UNUSED_FUNCTION = YES;
				GCC_WARN_UNUSED_VARIABLE = YES;
				IPHONEOS_DEPLOYMENT_TARGET = 17.0;
				MTL_ENABLE_DEBUG_INFO = INCLUDE_SOURCE;
				MTL_FAST_MATH = YES;
				ONLY_ACTIVE_ARCH = YES;
				SDKROOT = iphoneos;
				SWIFT_ACTIVE_COMPILATION_CONDITIONS = DEBUG;
				SWIFT_OPTIMIZATION_LEVEL = "-Onone";
			};
			name = Debug;
		};
		1A2B3C4D5E6F7890ABCDEF0E /* Release */ = {
			isa = XCBuildConfiguration;
			buildSettings = {
				ALWAYS_SEARCH_USER_PATHS = NO;
				CLANG_ANALYZER_NONNULL = YES;
				CLANG_ANALYZER_NUMBER_OBJECT_CONVERSION = YES_AGGRESSIVE;
				CLANG_CXX_LANGUAGE_STANDARD = "gnu++20";
				CLANG_ENABLE_MODULES = YES;
				CLANG_ENABLE_OBJC_ARC = YES;
				CLANG_ENABLE_OBJC_WEAK = YES;
				CLANG_WARN_BLOCK_CAPTURE_AUTORELEASING = YES;
				CLANG_WARN_BOOL_CONVERSION = YES;
				CLANG_WARN_COMMA = YES;
				CLANG_WARN_CONSTANT_CONVERSION = YES;
				CLANG_WARN_DEPRECATED_OBJC_IMPLEMENTATIONS = YES;
				CLANG_WARN_DIRECT_OBJC_ISA_USAGE = YES_ERROR;
				CLANG_WARN_DOCUMENTATION_COMMENTS = YES;
				CLANG_WARN_EMPTY_BODY = YES;
				CLANG_WARN_ENUM_CONVERSION = YES;
				CLANG_WARN_INFINITE_RECURSION = YES;
				CLANG_WARN_INT_CONVERSION = YES;
				CLANG_WARN_NON_LITERAL_NULL_CONVERSION = YES;
				CLANG_WARN_OBJC_IMPLICIT_RETAIN_SELF = YES;
				CLANG_WARN_OBJC_LITERAL_CONVERSION = YES;
				CLANG_WARN_OBJC_ROOT_CLASS = YES_ERROR;
				CLANG_WARN_QUOTED_INCLUDE_IN_FRAMEWORK_HEADER = YES;
				CLANG_WARN_RANGE_LOOP_ANALYSIS = YES;
				CLANG_WARN_STRICT_PROTOTYPES = YES;
				CLANG_WARN_SUSPICIOUS_MOVE = YES;
				CLANG_WARN_UNGUARDED_AVAILABILITY = YES_AGGRESSIVE;
				CLANG_WARN_UNREACHABLE_CODE = YES;
				CLANG_WARN__DUPLICATE_METHOD_MATCH = YES;
				COPY_PHASE_STRIP = NO;
				DEBUG_INFORMATION_FORMAT = "dwarf-with-dsym";
				ENABLE_NS_ASSERTIONS = NO;
				ENABLE_STRICT_OBJC_MSGSEND = YES;
				GCC_C_LANGUAGE_STANDARD = gnu11;
				GCC_NO_COMMON_BLOCKS = YES;
				GCC_WARN_64_TO_32_BIT_CONVERSION = YES;
				GCC_WARN_ABOUT_RETURN_TYPE = YES_ERROR;
				GCC_WARN_UNDECLARED_SELECTOR = YES;
				GCC_WARN_UNINITIALIZED_AUTOS = YES_AGGRESSIVE;
				GCC_WARN_UNUSED_FUNCTION = YES;
				GCC_WARN_UNUSED_VARIABLE = YES;
				IPHONEOS_DEPLOYMENT_TARGET = 17.0;
				MTL_ENABLE_DEBUG_INFO = NO;
				MTL_FAST_MATH = YES;
				SDKROOT = iphoneos;
				SWIFT_COMPILATION_MODE = wholemodule;
				SWIFT_OPTIMIZATION_LEVEL = "-O";
				VALIDATE_PRODUCT = YES;
			};
			name = Release;
		};
		1A2B3C4D5E6F7890ABCDEF0F /* Debug */ = {
			isa = XCBuildConfiguration;
			buildSettings = {
				ASSETCATALOG_COMPILER_APPICON_NAME = AppIcon;
				ASSETCATALOG_COMPILER_GLOBAL_ACCENT_COLOR_NAME = AccentColor;
				CODE_SIGN_STYLE = Automatic;
				CURRENT_PROJECT_VERSION = 1;
				DEVELOPMENT_ASSET_PATHS = "";
				ENABLE_PREVIEWS = YES;
				GENERATE_INFOPLIST_FILE = YES;
				INFOPLIST_FILE = Info.plist;
				INFOPLIST_KEY_UIApplicationSupportsIndirectInputEvents = YES;
				INFOPLIST_KEY_UILaunchScreen_Generation = YES;
				INFOPLIST_KEY_UISupportedInterfaceOrientations_iPad = "UIInterfaceOrientationPortrait UIInterfaceOrientationPortraitUpsideDown UIInterfaceOrientationLandscapeLeft UIInterfaceOrientationLandscapeRight";
				INFOPLIST_KEY_UISupportedInterfaceOrientations_iPhone = "UIInterfaceOrientationPortrait UIInterfaceOrientationLandscapeLeft UIInterfaceOrientationLandscapeRight";
				IPHONEOS_DEPLOYMENT_TARGET = 17.0;
				LD_RUNPATH_SEARCH_PATHS = (
					"$(inherited)",
					"@executable_path/Frameworks",
				);
				MARKETING_VERSION = 1.0;
				PRODUCT_BUNDLE_IDENTIFIER = com.example.FitJourneyApp;
				PRODUCT_NAME = "$(TARGET_NAME)";
				SWIFT_EMIT_LOC_STRINGS = YES;
				SWIFT_VERSION = 5.0;
				TARGETED_DEVICE_FAMILY = "1,2";
			};
			name = Debug;
		};
		1A2B3C4D5E6F7890ABCDEF10 /* Release */ = {
			isa = XCBuildConfiguration;
			buildSettings = {
				ASSETCATALOG_COMPILER_APPICON_NAME = AppIcon;
				ASSETCATALOG_COMPILER_GLOBAL_ACCENT_COLOR_NAME = AccentColor;
				CODE_SIGN_STYLE = Automatic;
				CURRENT_PROJECT_VERSION = 1;
				DEVELOPMENT_ASSET_PATHS = "";
				ENABLE_PREVIEWS = YES;
				GENERATE_INFOPLIST_FILE = YES;
				INFOPLIST_FILE = Info.plist;
				INFOPLIST_KEY_UIApplicationSceneManifest_Generation = YES;
				INFOPLIST_KEY_UIApplicationSupportsIndirectInputEvents = YES;
				INFOPLIST_KEY_UILaunchScreen_Generation = YES;
				INFOPLIST_KEY_UISupportedInterfaceOrientations_iPad = "UIInterfaceOrientationPortrait UIInterfaceOrientationPortraitUpsideDown UIInterfaceOrientationLandscapeLeft UIInterfaceOrientationLandscapeRight";
				INFOPLIST_KEY_UISupportedInterfaceOrientations_iPhone = "UIInterfaceOrientationPortrait UIInterfaceOrientationLandscapeLeft UIInterfaceOrientationLandscapeRight";
				IPHONEOS_DEPLOYMENT_TARGET = 17.0;
				LD_RUNPATH_SEARCH_PATHS = (
					"$(inherited)",
					"@executable_path/Frameworks",
				);
				MARKETING_VERSION = 1.0;
				PRODUCT_BUNDLE_IDENTIFIER = com.example.FitJourneyApp;
				PRODUCT_NAME = "$(TARGET_NAME)";
				SWIFT_EMIT_LOC_STRINGS = YES;
				SWIFT_VERSION = 5.0;
				TARGETED_DEVICE_FAMILY = "1,2";
			};
			name = Release;
		};
		AAF04F592DF4490300F9BC2B /* Debug */ = {
			isa = XCBuildConfiguration;
			buildSettings = {
				ASSETCATALOG_COMPILER_GENERATE_SWIFT_ASSET_SYMBOL_EXTENSIONS = YES;
				BUNDLE_LOADER = "$(TEST_HOST)";
				CODE_SIGN_STYLE = Automatic;
				CURRENT_PROJECT_VERSION = 1;
				ENABLE_USER_SCRIPT_SANDBOXING = YES;
				GCC_C_LANGUAGE_STANDARD = gnu17;
				GENERATE_INFOPLIST_FILE = YES;
				IPHONEOS_DEPLOYMENT_TARGET = 18.0;
				LOCALIZATION_PREFERS_STRING_CATALOGS = YES;
				MARKETING_VERSION = 1.0;
				PRODUCT_BUNDLE_IDENTIFIER = com.cunger.FitJourneyAppTests;
				PRODUCT_NAME = "$(TARGET_NAME)";
				SWIFT_ACTIVE_COMPILATION_CONDITIONS = "DEBUG $(inherited)";
				SWIFT_EMIT_LOC_STRINGS = NO;
				SWIFT_VERSION = 5.0;
				TARGETED_DEVICE_FAMILY = "1,2";
				TEST_HOST = "$(BUILT_PRODUCTS_DIR)/FitJourneyApp.app/$(BUNDLE_EXECUTABLE_FOLDER_PATH)/FitJourneyApp";
			};
			name = Debug;
		};
		AAF04F5A2DF4490300F9BC2B /* Release */ = {
			isa = XCBuildConfiguration;
			buildSettings = {
				ASSETCATALOG_COMPILER_GENERATE_SWIFT_ASSET_SYMBOL_EXTENSIONS = YES;
				BUNDLE_LOADER = "$(TEST_HOST)";
				CODE_SIGN_STYLE = Automatic;
				CURRENT_PROJECT_VERSION = 1;
				ENABLE_USER_SCRIPT_SANDBOXING = YES;
				GCC_C_LANGUAGE_STANDARD = gnu17;
				GENERATE_INFOPLIST_FILE = YES;
				IPHONEOS_DEPLOYMENT_TARGET = 18.0;
				LOCALIZATION_PREFERS_STRING_CATALOGS = YES;
				MARKETING_VERSION = 1.0;
				PRODUCT_BUNDLE_IDENTIFIER = com.cunger.FitJourneyAppTests;
				PRODUCT_NAME = "$(TARGET_NAME)";
				SWIFT_EMIT_LOC_STRINGS = NO;
				SWIFT_VERSION = 5.0;
				TARGETED_DEVICE_FAMILY = "1,2";
				TEST_HOST = "$(BUILT_PRODUCTS_DIR)/FitJourneyApp.app/$(BUNDLE_EXECUTABLE_FOLDER_PATH)/FitJourneyApp";
			};
			name = Release;
		};
/* End XCBuildConfiguration section */

/* Begin XCConfigurationList section */
		1A2B3C4D5E6F7890ABCDEF08 /* Build configuration list for PBXNativeTarget "FitJourneyApp" */ = {
			isa = XCConfigurationList;
			buildConfigurations = (
				1A2B3C4D5E6F7890ABCDEF0F /* Debug */,
				1A2B3C4D5E6F7890ABCDEF10 /* Release */,
			);
			defaultConfigurationIsVisible = 0;
			defaultConfigurationName = Release;
		};
		1A2B3C4D5E6F7890ABCDEF0C /* Build configuration list for PBXProject "FitJourneyApp" */ = {
			isa = XCConfigurationList;
			buildConfigurations = (
				1A2B3C4D5E6F7890ABCDEF0D /* Debug */,
				1A2B3C4D5E6F7890ABCDEF0E /* Release */,
			);
			defaultConfigurationIsVisible = 0;
			defaultConfigurationName = Release;
		};
		AAF04F582DF4490300F9BC2B /* Build configuration list for PBXNativeTarget "FitJourneyAppTests" */ = {
			isa = XCConfigurationList;
			buildConfigurations = (
				AAF04F592DF4490300F9BC2B /* Debug */,
				AAF04F5A2DF4490300F9BC2B /* Release */,
			);
			defaultConfigurationIsVisible = 0;
			defaultConfigurationName = Release;
		};
/* End XCConfigurationList section */

/* Begin XCLocalSwiftPackageReference section */
		AA15B6A62DEF5350002F7E9C /* XCLocalSwiftPackageReference "../SwiftUIApp" */ = {
			isa = XCLocalSwiftPackageReference;
			relativePath = ../SwiftUIApp;
		};
/* End XCLocalSwiftPackageReference section */

/* Begin XCSwiftPackageProductDependency section */
		AA15B6A72DEF5350002F7E9C /* AppCore */ = {
			isa = XCSwiftPackageProductDependency;
			productName = AppCore;
		};
		AA6C6E492DEE22B800123FBE /* AppCore */ = {
			isa = XCSwiftPackageProductDependency;
			productName = AppCore;
		};
		AABA0DCA2DEF4D2B002FB75F /* AppCore */ = {
			isa = XCSwiftPackageProductDependency;
			productName = AppCore;
		};
		AAF04F482DF4485C00F9BC2B /* Authentication */ = {
			isa = XCSwiftPackageProductDependency;
			package = AA15B6A62DEF5350002F7E9C /* XCLocalSwiftPackageReference "../SwiftUIApp" */;
			productName = Authentication;
		};
		AAF04F4A2DF4485C00F9BC2B /* FitnessTracker */ = {
			isa = XCSwiftPackageProductDependency;
			package = AA15B6A62DEF5350002F7E9C /* XCLocalSwiftPackageReference "../SwiftUIApp" */;
			productName = FitnessTracker;
		};
		AAF04F4C2DF4485C00F9BC2B /* Networking */ = {
			isa = XCSwiftPackageProductDependency;
			package = AA15B6A62DEF5350002F7E9C /* XCLocalSwiftPackageReference "../SwiftUIApp" */;
			productName = Networking;
		};
/* End XCSwiftPackageProductDependency section */
	};
	rootObject = 1A2B3C4D5E6F7890ABCDEF0B /* Project object */;
}
